
Microsoft Visual Studio Solution File, Format Version 12.00
# Visual Studio Version 16
VisualStudioVersion = 16.0.31702.278
MinimumVisualStudioVersion = 10.0.40219.1
Project("{FAE04EC0-301F-11D3-BF4B-00C04F79EFBC}") = "Datos", "Datos\Datos.csproj", "{1C6F23F8-800A-4D3B-8156-C3A9EF13EDD0}"
EndProject
Project("{FAE04EC0-301F-11D3-BF4B-00C04F79EFBC}") = "Negocio", "Negocio\Negocio.csproj", "{AE282F22-8056-48EC-A979-20B363F02303}"
EndProject
Project("{FAE04EC0-301F-11D3-BF4B-00C04F79EFBC}") = "Presentacion", "Presentacion\Presentacion.csproj", "{88FE058E-B090-421F-9783-2B4E7A18A542}"
EndProject
Global
	GlobalSection(SolutionConfigurationPlatforms) = preSolution
		Debug|Any CPU = Debug|Any CPU
		Release|Any CPU = Release|Any CPU
	EndGlobalSection
	GlobalSection(ProjectConfigurationPlatforms) = postSolution
		{1C6F23F8-800A-4D3B-8156-C3A9EF13EDD0}.Debug|Any CPU.ActiveCfg = Debug|Any CPU
		{1C6F23F8-800A-4D3B-8156-C3A9EF13EDD0}.Debug|Any CPU.Build.0 = Debug|Any CPU
		{1C6F23F8-800A-4D3B-8156-C3A9EF13EDD0}.Release|Any CPU.ActiveCfg = Release|Any CPU
		{1C6F23F8-800A-4D3B-8156-C3A9EF13EDD0}.Release|Any CPU.Build.0 = Release|Any CPU
		{AE282F22-8056-48EC-A979-20B363F02303}.Debug|Any CPU.ActiveCfg = Debug|Any CPU
		{AE282F22-8056-48EC-A979-20B363F02303}.Debug|Any CPU.Build.0 = Debug|Any CPU
		{AE282F22-8056-48EC-A979-20B363F02303}.Release|Any CPU.ActiveCfg = Release|Any CPU
		{AE282F22-8056-48EC-A979-20B363F02303}.Release|Any CPU.Build.0 = Release|Any CPU
		{88FE058E-B090-421F-9783-2B4E7A18A542}.Debug|Any CPU.ActiveCfg = Debug|Any CPU
		{88FE058E-B090-421F-9783-2B4E7A18A542}.Debug|Any CPU.Build.0 = Debug|Any CPU
		{88FE058E-B090-421F-9783-2B4E7A18A542}.Release|Any CPU.ActiveCfg = Release|Any CPU
		{88FE058E-B090-421F-9783-2B4E7A18A542}.Release|Any CPU.Build.0 = Release|Any CPU
	EndGlobalSection
	GlobalSection(SolutionProperties) = preSolution
		HideSolutionNode = FALSE
	EndGlobalSection
	GlobalSection(ExtensibilityGlobals) = postSolution
		SolutionGuid = {BE8A1054-0B0B-4D0E-9479-30D005A096CE}
	EndGlobalSection
EndGlobal
